
Microsoft Visual Studio Solution File, Format Version 12.00
# Visual Studio 15
VisualStudioVersion = 15.0.28307.489
MinimumVisualStudioVersion = 10.0.40219.1
Project("{FAE04EC0-301F-11D3-BF4B-00C04F79EFBC}") = "WebAppVehicle", "WebAppVehicle\WebAppVehicle.csproj", "{53BB49DC-DC70-4F3B-9802-65A362ACACFC}"
EndProject
Global
	GlobalSection(SolutionConfigurationPlatforms) = preSolution
		Debug|Any CPU = Debug|Any CPU
		Release|Any CPU = Release|Any CPU
	EndGlobalSection
	GlobalSection(ProjectConfigurationPlatforms) = postSolution
		{53BB49DC-DC70-4F3B-9802-65A362ACACFC}.Debug|Any CPU.ActiveCfg = Debug|Any CPU
		{53BB49DC-DC70-4F3B-9802-65A362ACACFC}.Debug|Any CPU.Build.0 = Debug|Any CPU
		{53BB49DC-DC70-4F3B-9802-65A362ACACFC}.Release|Any CPU.ActiveCfg = Release|Any CPU
		{53BB49DC-DC70-4F3B-9802-65A362ACACFC}.Release|Any CPU.Build.0 = Release|Any CPU
	EndGlobalSection
	GlobalSection(SolutionProperties) = preSolution
		HideSolutionNode = FALSE
	EndGlobalSection
	GlobalSection(ExtensibilityGlobals) = postSolution
		SolutionGuid = {6C92F08B-0E25-4B77-B975-756A0B6CE62B}
	EndGlobalSection
EndGlobal
